
Microsoft Visual Studio Solution File, Format Version 12.00
# Visual Studio Version 17
VisualStudioVersion = 17.14.36202.13 d17.14
MinimumVisualStudioVersion = 10.0.40219.1
Project("{FAE04EC0-301F-11D3-BF4B-00C04F79EFBC}") = "DevoTeam_Robot_programming", "DevoTeam_Robot_programming\DevoTeam_Robot_programming.csproj", "{66E57AFA-CEAB-41EF-A182-55B24674D35C}"
EndProject
Global
	GlobalSection(SolutionConfigurationPlatforms) = preSolution
		Debug|Any CPU = Debug|Any CPU
		Release|Any CPU = Release|Any CPU
	EndGlobalSection
	GlobalSection(ProjectConfigurationPlatforms) = postSolution
		{66E57AFA-CEAB-41EF-A182-55B24674D35C}.Debug|Any CPU.ActiveCfg = Debug|Any CPU
		{66E57AFA-CEAB-41EF-A182-55B24674D35C}.Debug|Any CPU.Build.0 = Debug|Any CPU
		{66E57AFA-CEAB-41EF-A182-55B24674D35C}.Release|Any CPU.ActiveCfg = Release|Any CPU
		{66E57AFA-CEAB-41EF-A182-55B24674D35C}.Release|Any CPU.Build.0 = Release|Any CPU
	EndGlobalSection
	GlobalSection(SolutionProperties) = preSolution
		HideSolutionNode = FALSE
	EndGlobalSection
	GlobalSection(ExtensibilityGlobals) = postSolution
		SolutionGuid = {B248CD54-2DE3-483D-9659-28A88FF884B5}
	EndGlobalSection
EndGlobal
